
Microsoft Visual Studio Solution File, Format Version 12.00
# Visual Studio Version 16
VisualStudioVersion = 16.0.31205.134
MinimumVisualStudioVersion = 10.0.40219.1
Project("{FAE04EC0-301F-11D3-BF4B-00C04F79EFBC}") = "SubscriptionManagement", "SubscriptionManagement\SubscriptionManagement.csproj", "{D716C591-60B8-4D02-8420-D536F1026754}"
EndProject
Project("{FAE04EC0-301F-11D3-BF4B-00C04F79EFBC}") = "SubscriptionManagementTest", "SubscriptionManagementTest\SubscriptionManagementTest.csproj", "{AD63C82C-F795-4A4D-ACBF-2AA8AA0B127B}"
EndProject
Global
	GlobalSection(SolutionConfigurationPlatforms) = preSolution
		Debug|Any CPU = Debug|Any CPU
		Release|Any CPU = Release|Any CPU
	EndGlobalSection
	GlobalSection(ProjectConfigurationPlatforms) = postSolution
		{D716C591-60B8-4D02-8420-D536F1026754}.Debug|Any CPU.ActiveCfg = Debug|Any CPU
		{D716C591-60B8-4D02-8420-D536F1026754}.Debug|Any CPU.Build.0 = Debug|Any CPU
		{D716C591-60B8-4D02-8420-D536F1026754}.Release|Any CPU.ActiveCfg = Release|Any CPU
		{D716C591-60B8-4D02-8420-D536F1026754}.Release|Any CPU.Build.0 = Release|Any CPU
		{AD63C82C-F795-4A4D-ACBF-2AA8AA0B127B}.Debug|Any CPU.ActiveCfg = Debug|Any CPU
		{AD63C82C-F795-4A4D-ACBF-2AA8AA0B127B}.Debug|Any CPU.Build.0 = Debug|Any CPU
		{AD63C82C-F795-4A4D-ACBF-2AA8AA0B127B}.Release|Any CPU.ActiveCfg = Release|Any CPU
		{AD63C82C-F795-4A4D-ACBF-2AA8AA0B127B}.Release|Any CPU.Build.0 = Release|Any CPU
	EndGlobalSection
	GlobalSection(SolutionProperties) = preSolution
		HideSolutionNode = FALSE
	EndGlobalSection
	GlobalSection(ExtensibilityGlobals) = postSolution
		SolutionGuid = {D408402F-328D-4723-976D-469E3DB17E54}
	EndGlobalSection
EndGlobal
